<?xml version="1.0" encoding="utf-8"?>
<Project ToolsVersion="4.0" xmlns="http://schemas.microsoft.com/developer/msbuild/2003">
  <ItemGroup>
    <Filter Include="Spark">
      <UniqueIdentifier>{26081C0E-921C-44BF-5B9E-E71EC77140F0}</UniqueIdentifier>
    </Filter>
    <Filter Include="Spark\Events">
      <UniqueIdentifier>{4A4D7E82-36B0-0D27-DF35-46DDCB77D9A9}</UniqueIdentifier>
    </Filter>
    <Filter Include="Spark\Platform">
      <UniqueIdentifier>{3ACF6437-269D-583D-0F31-C963FB9D34A2}</UniqueIdentifier>
    </Filter>
    <Filter Include="Spark\Platform\Windows">
      <UniqueIdentifier>{741303E5-600D-2C37-497A-C247351392A3}</UniqueIdentifier>
    </Filter>
  </ItemGroup>
  <ItemGroup>
    <ClInclude Include="src\Spark.h" />
    <ClInclude Include="src\Spark\Application.h">
      <Filter>Spark</Filter>
    </ClInclude>
    <ClInclude Include="src\Spark\Core.h">
      <Filter>Spark</Filter>
    </ClInclude>
    <ClInclude Include="src\Spark\EntryPoint.h">
      <Filter>Spark</Filter>
    </ClInclude>
    <ClInclude Include="src\Spark\Events\ApplicationEvent.h">
      <Filter>Spark\Events</Filter>
    </ClInclude>
    <ClInclude Include="src\Spark\Events\Event.h">
      <Filter>Spark\Events</Filter>
    </ClInclude>
    <ClInclude Include="src\Spark\Events\KeyEvent.h">
      <Filter>Spark\Events</Filter>
    </ClInclude>
    <ClInclude Include="src\Spark\Events\MouseEvent.h">
      <Filter>Spark\Events</Filter>
    </ClInclude>
    <ClInclude Include="src\Spark\Layer.h">
      <Filter>Spark</Filter>
    </ClInclude>
    <ClInclude Include="src\Spark\LayerStack.h">
      <Filter>Spark</Filter>
    </ClInclude>
    <ClInclude Include="src\Spark\Log.h">
      <Filter>Spark</Filter>
    </ClInclude>
    <ClInclude Include="src\Spark\Platform\Windows\WindowsWindow.h">
      <Filter>Spark\Platform\Windows</Filter>
    </ClInclude>
    <ClInclude Include="src\Spark\Window.h">
      <Filter>Spark</Filter>
    </ClInclude>
    <ClInclude Include="src\SparkPCH.h" />
    <ClInclude Include="src\Spark\imgui\ImGUILayer.h" />
    <ClInclude Include="src\Spark\Platform\OpenGL\ImGUIOpenGLRenderer.h" />
    <ClInclude Include="src\Spark\Input.h" />
    <ClInclude Include="src\Spark\Platform\Windows\WindowsInput.h" />
    <ClInclude Include="src\Spark\KeyCodes.h" />
    <ClInclude Include="src\Spark\MouseButtonCodes.h" />
  </ItemGroup>
  <ItemGroup>
    <ClCompile Include="src\Spark\Application.cpp">
      <Filter>Spark</Filter>
    </ClCompile>
    <ClCompile Include="src\Spark\Layer.cpp">
      <Filter>Spark</Filter>
    </ClCompile>
    <ClCompile Include="src\Spark\LayerStack.cpp">
      <Filter>Spark</Filter>
    </ClCompile>
    <ClCompile Include="src\Spark\Log.cpp">
      <Filter>Spark</Filter>
    </ClCompile>
    <ClCompile Include="src\Spark\Platform\Windows\WindowsWindow.cpp">
      <Filter>Spark\Platform\Windows</Filter>
    </ClCompile>
    <ClCompile Include="src\SparkPCH.cpp" />
    <ClCompile Include="src\Spark\imgui\ImGUILayer.cpp" />
    <ClCompile Include="src\Spark\Platform\OpenGL\ImGUIOpenGLRenderer.cpp" />
    <ClCompile Include="src\Spark\Platform\Windows\WindowsInput.cpp" />
  </ItemGroup>
</Project>